
Microsoft Visual Studio Solution File, Format Version 12.00
# Visual Studio Version 16
VisualStudioVersion = 16.0.32413.511
MinimumVisualStudioVersion = 10.0.40219.1
Project("{FAE04EC0-301F-11D3-BF4B-00C04F79EFBC}") = "eTickets", "eTickets\eTickets.csproj", "{76237D97-F79B-4638-B6B3-6AFCA5BC3C6B}"
EndProject
Global
	GlobalSection(SolutionConfigurationPlatforms) = preSolution
		Debug|Any CPU = Debug|Any CPU
		Release|Any CPU = Release|Any CPU
	EndGlobalSection
	GlobalSection(ProjectConfigurationPlatforms) = postSolution
		{76237D97-F79B-4638-B6B3-6AFCA5BC3C6B}.Debug|Any CPU.ActiveCfg = Debug|Any CPU
		{76237D97-F79B-4638-B6B3-6AFCA5BC3C6B}.Debug|Any CPU.Build.0 = Debug|Any CPU
		{76237D97-F79B-4638-B6B3-6AFCA5BC3C6B}.Release|Any CPU.ActiveCfg = Release|Any CPU
		{76237D97-F79B-4638-B6B3-6AFCA5BC3C6B}.Release|Any CPU.Build.0 = Release|Any CPU
	EndGlobalSection
	GlobalSection(SolutionProperties) = preSolution
		HideSolutionNode = FALSE
	EndGlobalSection
	GlobalSection(ExtensibilityGlobals) = postSolution
		SolutionGuid = {D4B808CE-2F2E-4EEE-AB57-F994F111EBD2}
	EndGlobalSection
EndGlobal
